{
  "name": "valideasy",
  "version": "1.0.7",
  "lockfileVersion": 3,
  "requires": true,
  "packages": {
    "": {
      "name": "valideasy",
      "version": "1.0.7",
      "license": "MIT",
      "devDependencies": {
        "typescript": "^5.6.3"
      },
      "peerDependencies": {
        "valideasy": "^1.0.1"
      }
    },
    "node_modules/typescript": {
      "version": "5.6.3",
      "resolved": "https://registry.npmjs.org/typescript/-/typescript-5.6.3.tgz",
      "integrity": "sha512-hjcS1mhfuyi4WW8IWtjP7brDrG2cuDZukyrYrSauoXGNgx0S7zceP07adYkJycEr56BOUTNPzbInooiN3fn1qw==",
      "dev": true,
      "bin": {
        "tsc": "bin/tsc",
        "tsserver": "bin/tsserver"
      },
      "engines": {
        "node": ">=14.17"
      }
    },
    "node_modules/valideasy": {
      "version": "1.0.1",
      "resolved": "https://registry.npmjs.org/valideasy/-/valideasy-1.0.1.tgz",
      "integrity": "sha512-IRRQh9VdKi2tBbNZdJE/eMDVz9mse6+4sWrUHJalO7InIPbubo24WtELe+XNiYRy7itjBMbJBGs166bLkZ18MQ==",
      "peer": true,
      "dependencies": {
        "valideasy": "^1.0.0"
      }
    }
  }
}
