{
  "name": "valideasy",
  "version": "1.0.2",
  "lockfileVersion": 3,
  "requires": true,
  "packages": {
    "": {
      "name": "valideasy",
      "version": "1.0.2",
      "license": "ISC",
      "dependencies": {
        "valideasy": "^1.0.1"
      }
    },
    "node_modules/valideasy": {
      "version": "1.0.1",
      "resolved": "https://registry.npmjs.org/valideasy/-/valideasy-1.0.1.tgz",
      "integrity": "sha512-IRRQh9VdKi2tBbNZdJE/eMDVz9mse6+4sWrUHJalO7InIPbubo24WtELe+XNiYRy7itjBMbJBGs166bLkZ18MQ==",
      "dependencies": {
        "valideasy": "^1.0.0"
      }
    }
  }
}
